
Microsoft Visual Studio Solution File, Format Version 11.00
# Visual Studio 2010
Project("{FAE04EC0-301F-11D3-BF4B-00C04F79EFBC}") = "LPOOII_GRUPOVI", "LPOOII_GRUPOVI\LPOOII_GRUPOVI.csproj", "{D333F2FC-4819-4C4B-8FE6-B242414F52CD}"
EndProject
Project("{FAE04EC0-301F-11D3-BF4B-00C04F79EFBC}") = "ClasesBases", "ClasesBases\ClasesBases.csproj", "{606747C6-98E8-46FF-9ABC-3AE4EFA4577A}"
EndProject
Project("{FAE04EC0-301F-11D3-BF4B-00C04F79EFBC}") = "Vistas", "Vistas\Vistas.csproj", "{3BF0B34E-0469-40DB-8A47-085FE5B0C797}"
EndProject
Global
	GlobalSection(SolutionConfigurationPlatforms) = preSolution
		Debug|Any CPU = Debug|Any CPU
		Debug|Mixed Platforms = Debug|Mixed Platforms
		Debug|x86 = Debug|x86
		Release|Any CPU = Release|Any CPU
		Release|Mixed Platforms = Release|Mixed Platforms
		Release|x86 = Release|x86
	EndGlobalSection
	GlobalSection(ProjectConfigurationPlatforms) = postSolution
		{D333F2FC-4819-4C4B-8FE6-B242414F52CD}.Debug|Any CPU.ActiveCfg = Debug|x86
		{D333F2FC-4819-4C4B-8FE6-B242414F52CD}.Debug|Mixed Platforms.ActiveCfg = Debug|x86
		{D333F2FC-4819-4C4B-8FE6-B242414F52CD}.Debug|Mixed Platforms.Build.0 = Debug|x86
		{D333F2FC-4819-4C4B-8FE6-B242414F52CD}.Debug|x86.ActiveCfg = Debug|x86
		{D333F2FC-4819-4C4B-8FE6-B242414F52CD}.Debug|x86.Build.0 = Debug|x86
		{D333F2FC-4819-4C4B-8FE6-B242414F52CD}.Release|Any CPU.ActiveCfg = Release|x86
		{D333F2FC-4819-4C4B-8FE6-B242414F52CD}.Release|Mixed Platforms.ActiveCfg = Release|x86
		{D333F2FC-4819-4C4B-8FE6-B242414F52CD}.Release|Mixed Platforms.Build.0 = Release|x86
		{D333F2FC-4819-4C4B-8FE6-B242414F52CD}.Release|x86.ActiveCfg = Release|x86
		{D333F2FC-4819-4C4B-8FE6-B242414F52CD}.Release|x86.Build.0 = Release|x86
		{606747C6-98E8-46FF-9ABC-3AE4EFA4577A}.Debug|Any CPU.ActiveCfg = Debug|Any CPU
		{606747C6-98E8-46FF-9ABC-3AE4EFA4577A}.Debug|Any CPU.Build.0 = Debug|Any CPU
		{606747C6-98E8-46FF-9ABC-3AE4EFA4577A}.Debug|Mixed Platforms.ActiveCfg = Debug|Any CPU
		{606747C6-98E8-46FF-9ABC-3AE4EFA4577A}.Debug|Mixed Platforms.Build.0 = Debug|Any CPU
		{606747C6-98E8-46FF-9ABC-3AE4EFA4577A}.Debug|x86.ActiveCfg = Debug|Any CPU
		{606747C6-98E8-46FF-9ABC-3AE4EFA4577A}.Release|Any CPU.ActiveCfg = Release|Any CPU
		{606747C6-98E8-46FF-9ABC-3AE4EFA4577A}.Release|Any CPU.Build.0 = Release|Any CPU
		{606747C6-98E8-46FF-9ABC-3AE4EFA4577A}.Release|Mixed Platforms.ActiveCfg = Release|Any CPU
		{606747C6-98E8-46FF-9ABC-3AE4EFA4577A}.Release|Mixed Platforms.Build.0 = Release|Any CPU
		{606747C6-98E8-46FF-9ABC-3AE4EFA4577A}.Release|x86.ActiveCfg = Release|Any CPU
		{3BF0B34E-0469-40DB-8A47-085FE5B0C797}.Debug|Any CPU.ActiveCfg = Debug|x86
		{3BF0B34E-0469-40DB-8A47-085FE5B0C797}.Debug|Mixed Platforms.ActiveCfg = Debug|x86
		{3BF0B34E-0469-40DB-8A47-085FE5B0C797}.Debug|Mixed Platforms.Build.0 = Debug|x86
		{3BF0B34E-0469-40DB-8A47-085FE5B0C797}.Debug|x86.ActiveCfg = Debug|x86
		{3BF0B34E-0469-40DB-8A47-085FE5B0C797}.Debug|x86.Build.0 = Debug|x86
		{3BF0B34E-0469-40DB-8A47-085FE5B0C797}.Release|Any CPU.ActiveCfg = Release|x86
		{3BF0B34E-0469-40DB-8A47-085FE5B0C797}.Release|Mixed Platforms.ActiveCfg = Release|x86
		{3BF0B34E-0469-40DB-8A47-085FE5B0C797}.Release|Mixed Platforms.Build.0 = Release|x86
		{3BF0B34E-0469-40DB-8A47-085FE5B0C797}.Release|x86.ActiveCfg = Release|x86
		{3BF0B34E-0469-40DB-8A47-085FE5B0C797}.Release|x86.Build.0 = Release|x86
	EndGlobalSection
	GlobalSection(SolutionProperties) = preSolution
		HideSolutionNode = FALSE
	EndGlobalSection
EndGlobal
